
Microsoft Visual Studio Solution File, Format Version 12.00
# Visual Studio Version 16
VisualStudioVersion = 16.0.30114.105
MinimumVisualStudioVersion = 10.0.40219.1
Project("{FAE04EC0-301F-11D3-BF4B-00C04F79EFBC}") = "API", "API\API.csproj", "{5331EC40-9768-4703-AB29-B4958607B36C}"
EndProject
Project("{FAE04EC0-301F-11D3-BF4B-00C04F79EFBC}") = "Application", "Application\Application.csproj", "{F5E45307-ACDE-42AC-992D-D4CCFA7C97C3}"
EndProject
Project("{FAE04EC0-301F-11D3-BF4B-00C04F79EFBC}") = "Persistence", "Persistence\Persistence.csproj", "{FB9505AE-461B-4F6F-8871-4C4825F292C0}"
EndProject
Project("{FAE04EC0-301F-11D3-BF4B-00C04F79EFBC}") = "Domain", "Domain\Domain.csproj", "{20028777-9C9B-4212-A2D4-28BF6861F5B1}"
EndProject
Global
	GlobalSection(SolutionConfigurationPlatforms) = preSolution
		Debug|Any CPU = Debug|Any CPU
		Debug|x64 = Debug|x64
		Debug|x86 = Debug|x86
		Release|Any CPU = Release|Any CPU
		Release|x64 = Release|x64
		Release|x86 = Release|x86
	EndGlobalSection
	GlobalSection(SolutionProperties) = preSolution
		HideSolutionNode = FALSE
	EndGlobalSection
	GlobalSection(ProjectConfigurationPlatforms) = postSolution
		{5331EC40-9768-4703-AB29-B4958607B36C}.Debug|Any CPU.ActiveCfg = Debug|Any CPU
		{5331EC40-9768-4703-AB29-B4958607B36C}.Debug|Any CPU.Build.0 = Debug|Any CPU
		{5331EC40-9768-4703-AB29-B4958607B36C}.Debug|x64.ActiveCfg = Debug|Any CPU
		{5331EC40-9768-4703-AB29-B4958607B36C}.Debug|x64.Build.0 = Debug|Any CPU
		{5331EC40-9768-4703-AB29-B4958607B36C}.Debug|x86.ActiveCfg = Debug|Any CPU
		{5331EC40-9768-4703-AB29-B4958607B36C}.Debug|x86.Build.0 = Debug|Any CPU
		{5331EC40-9768-4703-AB29-B4958607B36C}.Release|Any CPU.ActiveCfg = Release|Any CPU
		{5331EC40-9768-4703-AB29-B4958607B36C}.Release|Any CPU.Build.0 = Release|Any CPU
		{5331EC40-9768-4703-AB29-B4958607B36C}.Release|x64.ActiveCfg = Release|Any CPU
		{5331EC40-9768-4703-AB29-B4958607B36C}.Release|x64.Build.0 = Release|Any CPU
		{5331EC40-9768-4703-AB29-B4958607B36C}.Release|x86.ActiveCfg = Release|Any CPU
		{5331EC40-9768-4703-AB29-B4958607B36C}.Release|x86.Build.0 = Release|Any CPU
		{F5E45307-ACDE-42AC-992D-D4CCFA7C97C3}.Debug|Any CPU.ActiveCfg = Debug|Any CPU
		{F5E45307-ACDE-42AC-992D-D4CCFA7C97C3}.Debug|Any CPU.Build.0 = Debug|Any CPU
		{F5E45307-ACDE-42AC-992D-D4CCFA7C97C3}.Debug|x64.ActiveCfg = Debug|Any CPU
		{F5E45307-ACDE-42AC-992D-D4CCFA7C97C3}.Debug|x64.Build.0 = Debug|Any CPU
		{F5E45307-ACDE-42AC-992D-D4CCFA7C97C3}.Debug|x86.ActiveCfg = Debug|Any CPU
		{F5E45307-ACDE-42AC-992D-D4CCFA7C97C3}.Debug|x86.Build.0 = Debug|Any CPU
		{F5E45307-ACDE-42AC-992D-D4CCFA7C97C3}.Release|Any CPU.ActiveCfg = Release|Any CPU
		{F5E45307-ACDE-42AC-992D-D4CCFA7C97C3}.Release|Any CPU.Build.0 = Release|Any CPU
		{F5E45307-ACDE-42AC-992D-D4CCFA7C97C3}.Release|x64.ActiveCfg = Release|Any CPU
		{F5E45307-ACDE-42AC-992D-D4CCFA7C97C3}.Release|x64.Build.0 = Release|Any CPU
		{F5E45307-ACDE-42AC-992D-D4CCFA7C97C3}.Release|x86.ActiveCfg = Release|Any CPU
		{F5E45307-ACDE-42AC-992D-D4CCFA7C97C3}.Release|x86.Build.0 = Release|Any CPU
		{FB9505AE-461B-4F6F-8871-4C4825F292C0}.Debug|Any CPU.ActiveCfg = Debug|Any CPU
		{FB9505AE-461B-4F6F-8871-4C4825F292C0}.Debug|Any CPU.Build.0 = Debug|Any CPU
		{FB9505AE-461B-4F6F-8871-4C4825F292C0}.Debug|x64.ActiveCfg = Debug|Any CPU
		{FB9505AE-461B-4F6F-8871-4C4825F292C0}.Debug|x64.Build.0 = Debug|Any CPU
		{FB9505AE-461B-4F6F-8871-4C4825F292C0}.Debug|x86.ActiveCfg = Debug|Any CPU
		{FB9505AE-461B-4F6F-8871-4C4825F292C0}.Debug|x86.Build.0 = Debug|Any CPU
		{FB9505AE-461B-4F6F-8871-4C4825F292C0}.Release|Any CPU.ActiveCfg = Release|Any CPU
		{FB9505AE-461B-4F6F-8871-4C4825F292C0}.Release|Any CPU.Build.0 = Release|Any CPU
		{FB9505AE-461B-4F6F-8871-4C4825F292C0}.Release|x64.ActiveCfg = Release|Any CPU
		{FB9505AE-461B-4F6F-8871-4C4825F292C0}.Release|x64.Build.0 = Release|Any CPU
		{FB9505AE-461B-4F6F-8871-4C4825F292C0}.Release|x86.ActiveCfg = Release|Any CPU
		{FB9505AE-461B-4F6F-8871-4C4825F292C0}.Release|x86.Build.0 = Release|Any CPU
		{20028777-9C9B-4212-A2D4-28BF6861F5B1}.Debug|Any CPU.ActiveCfg = Debug|Any CPU
		{20028777-9C9B-4212-A2D4-28BF6861F5B1}.Debug|Any CPU.Build.0 = Debug|Any CPU
		{20028777-9C9B-4212-A2D4-28BF6861F5B1}.Debug|x64.ActiveCfg = Debug|Any CPU
		{20028777-9C9B-4212-A2D4-28BF6861F5B1}.Debug|x64.Build.0 = Debug|Any CPU
		{20028777-9C9B-4212-A2D4-28BF6861F5B1}.Debug|x86.ActiveCfg = Debug|Any CPU
		{20028777-9C9B-4212-A2D4-28BF6861F5B1}.Debug|x86.Build.0 = Debug|Any CPU
		{20028777-9C9B-4212-A2D4-28BF6861F5B1}.Release|Any CPU.ActiveCfg = Release|Any CPU
		{20028777-9C9B-4212-A2D4-28BF6861F5B1}.Release|Any CPU.Build.0 = Release|Any CPU
		{20028777-9C9B-4212-A2D4-28BF6861F5B1}.Release|x64.ActiveCfg = Release|Any CPU
		{20028777-9C9B-4212-A2D4-28BF6861F5B1}.Release|x64.Build.0 = Release|Any CPU
		{20028777-9C9B-4212-A2D4-28BF6861F5B1}.Release|x86.ActiveCfg = Release|Any CPU
		{20028777-9C9B-4212-A2D4-28BF6861F5B1}.Release|x86.Build.0 = Release|Any CPU
	EndGlobalSection
EndGlobal
